{
  "name": "root",
  "requires": true,
  "lockfileVersion": 1,
  "dependencies": {
    "@newism/common": {
      "version": "0.0.3",
      "resolved": "https://registry.npmjs.org/@newism/common/-/common-0.0.3.tgz",
      "integrity": "sha512-zyj7UOctB0vjTmXGpV/MURQO8eDcHFJD1v5GSKk2Ei/NViKrcCPAq6Q0W9r43vFnzm2vDfIIlROyGoduVmqDSw=="
    }
  }
}
