{
  "name": "lerna-sub",
  "requires": true,
  "lockfileVersion": 1,
  "dependencies": {
    "@newism/common": {
      "version": "0.0.7",
      "resolved": "https://registry.npmjs.org/@newism/common/-/common-0.0.7.tgz",
      "integrity": "sha512-8G+5DTT+GP/oIYi86DRCHbZA9l3n6UHy7U3K/Ie9Oi+24JbIPGlmqRq3EYVlXso9iNA9V/5LayNCPjraBsTRGQ=="
    }
  }
}
