{
  "name": "lerna-sub",
  "requires": true,
  "lockfileVersion": 1,
  "dependencies": {
    "@newism/common": {
      "version": "0.0.8",
      "resolved": "https://registry.npmjs.org/@newism/common/-/common-0.0.8.tgz",
      "integrity": "sha512-G10rj9Aqr1cPRUKwyJEFAwHGKGh+y/e+WT5zTjqiGrXup0da+nS80l8abUQFACe4x3n15cGqLkl6I1tBU+FP/A=="
    }
  }
}
